<?xml version="1.0" encoding="utf-8"?>
<Project ToolsVersion="4.0" xmlns="http://schemas.microsoft.com/developer/msbuild/2003">
  <ItemGroup>
    <ClCompile Include="src\glad.c" />
    <ClCompile Include="src\main.cpp" />
    <ClCompile Include="include\Texture\Texture.cpp" />
    <ClCompile Include="include\Shader\Shader.cpp" />
    <ClCompile Include="include\Mesh\Mesh.cpp" />
    <ClCompile Include="include\Model\Model.cpp" />
    <ClCompile Include="include\MouseInput\MouseInput.cpp" />
    <ClCompile Include="include\KeyboardInput\KeyboardInput.cpp" />
    <ClCompile Include="include\Camera\Camera.cpp" />
    <ClCompile Include="include\Skybox\Skybox.cpp" />
  </ItemGroup>
  <ItemGroup>
    <ClInclude Include="include\stb_image.h" />
    <ClInclude Include="include\Mesh\Mesh.h" />
    <ClInclude Include="include\Texture\Texture.h" />
    <ClInclude Include="include\Shader\Shader.h" />
    <ClInclude Include="include\Model\Model.h" />
    <ClInclude Include="include\assimp\config.h" />
    <ClInclude Include="include\MouseInput\MouseInput.h" />
    <ClInclude Include="include\KeyboardInput\KeyboardInput.h" />
    <ClInclude Include="include\Camera\Camera.h" />
    <ClInclude Include="include\Skybox\Skybox.h" />
  </ItemGroup>
  <ItemGroup>
    <None Include="assets\shaders\model_loading.vert" />
  </ItemGroup>
  <ItemGroup>
    <Text Include="assets\shaders\model_loading.frag" />
  </ItemGroup>
</Project>