<?xml version="1.0" encoding="utf-8"?>
<Project ToolsVersion="4.0" xmlns="http://schemas.microsoft.com/developer/msbuild/2003">
  <ItemGroup>
    <ClCompile Include="src\glad.c" />
    <ClCompile Include="src\main.cpp" />
    <ClCompile Include="include\Texture\Texture.cpp" />
    <ClCompile Include="include\Shader\Shader.cpp" />
    <ClCompile Include="include\Mesh\Mesh.cpp" />
    <ClCompile Include="include\Model\Model.cpp" />
    <ClCompile Include="include\MouseInput\MouseInput.cpp" />
    <ClCompile Include="include\KeyboardInput\KeyboardInput.cpp" />
    <ClCompile Include="include\Camera\Camera.cpp" />
    <ClCompile Include="include\Skybox\Skybox.cpp" />
    <ClCompile Include="include\UIElement\UIElement.cpp" />
    <ClCompile Include="include\Background\BackgroundImage.cpp" />
    <ClCompile Include="include\Material\Material.cpp" />
    <ClCompile Include="include\Light\Light.cpp" />
    <ClCompile Include="include\ImGUI\imgui.cpp" />
    <ClCompile Include="include\ImGUI\imgui_demo.cpp" />
    <ClCompile Include="include\ImGUI\imgui_draw.cpp" />
    <ClCompile Include="include\ImGUI\imgui_tables.cpp" />
    <ClCompile Include="include\ImGUI\imgui_widgets.cpp" />
    <ClCompile Include="include\ImGUI\imgui_impl_glfw.cpp" />
    <ClCompile Include="include\ImGUI\imgui_impl_opengl3.cpp" />
  </ItemGroup>
  <ItemGroup>
    <ClInclude Include="include\stb_image.h" />
    <ClInclude Include="include\Mesh\Mesh.h" />
    <ClInclude Include="include\Texture\Texture.h" />
    <ClInclude Include="include\Shader\Shader.h" />
    <ClInclude Include="include\Model\Model.h" />
    <ClInclude Include="include\assimp\config.h" />
    <ClInclude Include="include\MouseInput\MouseInput.h" />
    <ClInclude Include="include\KeyboardInput\KeyboardInput.h" />
    <ClInclude Include="include\Camera\Camera.h" />
    <ClInclude Include="include\Skybox\Skybox.h" />
    <ClInclude Include="include\UIElement\UIElement.h" />
    <ClInclude Include="include\Background\BackgroundImage.h" />
    <ClInclude Include="include\Material\Material.h" />
    <ClInclude Include="include\Light\Light.h" />
    <ClInclude Include="include\ImGUI\imconfig.h" />
    <ClInclude Include="include\ImGUI\imgui.h" />
    <ClInclude Include="include\ImGUI\imgui_internal.h" />
    <ClInclude Include="include\ImGUI\imgui_impl_glfw.h" />
    <ClInclude Include="include\ImGUI\imgui_impl_opengl3.h" />
    <ClInclude Include="include\ImGUI\imstb_rectpack.h" />
    <ClInclude Include="include\ImGUI\imstb_textedit.h" />
    <ClInclude Include="include\ImGUI\imstb_truetype.h" />
  </ItemGroup>
  <ItemGroup>
    <None Include="assets\shaders\model_loading.vert" />
  </ItemGroup>
  <ItemGroup>
    <Text Include="assets\shaders\model_loading.frag" />
  </ItemGroup>
</Project>