<?xml version="1.0" encoding="utf-8"?>
<Project ToolsVersion="4.0" xmlns="http://schemas.microsoft.com/developer/msbuild/2003">
  <ItemGroup>
    <ClCompile Include="src\glad.c" />
    <ClCompile Include="src\main.cpp" />
    <ClCompile Include="include\Texture\Texture.cpp" />
    <ClCompile Include="include\Shader\Shader.cpp" />
    <ClCompile Include="include\Loader\Mesh.cpp" />
    <ClCompile Include="include\Loader\Model.cpp" />
    <ClCompile Include="include\InputSystem\MouseInput.cpp" />
    <ClCompile Include="include\InputSystem\KeyboardInput.cpp" />
    <ClCompile Include="include\Camera\Camera.cpp" />
    <ClCompile Include="include\Skybox\Skybox.cpp" />
    <ClCompile Include="include\UIRender\UIElement.cpp" />
    <ClCompile Include="include\UIRender\BackgroundImage.cpp" />
    <ClCompile Include="include\Material\Material.cpp" />
    <ClCompile Include="include\Light\Light.cpp" />
    <ClCompile Include="include\ImGUI\imgui.cpp" />
    <ClCompile Include="include\ImGUI\imgui_demo.cpp" />
    <ClCompile Include="include\ImGUI\imgui_draw.cpp" />
    <ClCompile Include="include\ImGUI\imgui_tables.cpp" />
    <ClCompile Include="include\ImGUI\imgui_widgets.cpp" />
    <ClCompile Include="include\ImGUI\imgui_impl_glfw.cpp" />
    <ClCompile Include="include\ImGUI\imgui_impl_opengl3.cpp" />
    <ClCompile Include="include\UIRender\TextRender.cpp" />
    <ClCompile Include="include\GameLogic\Proctor.cpp" />
    <ClCompile Include="include\GameLogic\Hierarchy.cpp" />
    <ClCompile Include="include\GameLogic\Components\Component.cpp" />
    <ClCompile Include="include\GameLogic\Components\MeshRenderer.cpp" />
    <ClCompile Include="include\Primitives\Box\Box.cpp" />
    <ClCompile Include="include\Application\Scene.cpp" />
    <ClCompile Include="include\GameLogic\Components\PlayerInput.cpp" />
    <ClCompile Include="include\GameLogic\Components\BoxCollider.cpp" />
    <ClCompile Include="include\Points\Points.cpp" />
    <ClCompile Include="include\Loader\ModelLibrary.cpp" />
    <ClCompile Include="include\GameLogic\Components\Interactable.cpp" />
  </ItemGroup>
  <ItemGroup>
    <ClInclude Include="include\stb_image.h" />
    <ClInclude Include="include\Loader\Mesh.h" />
    <ClInclude Include="include\Texture\Texture.h" />
    <ClInclude Include="include\Shader\Shader.h" />
    <ClInclude Include="include\Loader\Model.h" />
    <ClInclude Include="include\assimp\config.h" />
    <ClInclude Include="include\InputSystem\MouseInput.h" />
    <ClInclude Include="include\InputSystem\KeyboardInput.h" />
    <ClInclude Include="include\Camera\Camera.h" />
    <ClInclude Include="include\Skybox\Skybox.h" />
    <ClInclude Include="include\UIRender\UIElement.h" />
    <ClInclude Include="include\UIRender\BackgroundImage.h" />
    <ClInclude Include="include\Material\Material.h" />
    <ClInclude Include="include\Light\Light.h" />
    <ClInclude Include="include\ImGUI\imconfig.h" />
    <ClInclude Include="include\ImGUI\imgui.h" />
    <ClInclude Include="include\ImGUI\imgui_internal.h" />
    <ClInclude Include="include\ImGUI\imgui_impl_glfw.h" />
    <ClInclude Include="include\ImGUI\imgui_impl_opengl3.h" />
    <ClInclude Include="include\ImGUI\imstb_rectpack.h" />
    <ClInclude Include="include\ImGUI\imstb_textedit.h" />
    <ClInclude Include="include\ImGUI\imstb_truetype.h" />
    <ClInclude Include="include\Loader\Loader.h" />
    <ClInclude Include="include\InputSystem\InputSystem.h" />
    <ClInclude Include="include\UIRender\TextRender.h" />
    <ClInclude Include="include\UIRender\UIRender.h" />
    <ClInclude Include="include\SceneGraph\SceneGraph.h" />
    <ClInclude Include="include\GameLogic\Proctor.h" />
    <ClInclude Include="include\GameLogic\Components\Component.h" />
    <ClInclude Include="include\GameLogic\Components\MeshRenderer.h" />
    <ClInclude Include="include\GameLogic\Hierarchy.h" />
    <ClInclude Include="include\Application\Randomizer.h" />
    <ClInclude Include="include\Primitives\Box\Box.h" />
    <ClInclude Include="include\Application\Application.h" />
    <ClInclude Include="include\Application\Scene.h" />
    <ClInclude Include="include\GameLogic\GameLogic.h" />
    <ClInclude Include="include\GameLogic\Components\PlayerInput.h" />
    <ClInclude Include="include\GameLogic\Components\BoxCollider.h" />
    <ClInclude Include="include\Points\Points.h" />
    <ClInclude Include="include\Loader\ModelLibrary.h" />
    <ClInclude Include="include\GameLogic\Components\Interactable.h" />
    <ClInclude Include="include\Camera\FrustumCulling.h" />
  </ItemGroup>
  <ItemGroup>
    <None Include="assets\shaders\model_loading.vert" />
  </ItemGroup>
  <ItemGroup>
    <Text Include="assets\shaders\model_loading.frag" />
  </ItemGroup>
</Project>